
Microsoft Visual Studio Solution File, Format Version 12.00
# Visual Studio Version 17
VisualStudioVersion = 17.4.33122.133
MinimumVisualStudioVersion = 10.0.40219.1
Project("{9A19103F-16F7-4668-BE54-9A1E7A4F7556}") = "ASPMvc", "ASPMvc\ASPMvc.csproj", "{F6B5DBEA-2DFF-4CDF-997E-3526D8B6F4A5}"
EndProject
Project("{FAE04EC0-301F-11D3-BF4B-00C04F79EFBC}") = "SportStore", "SportStore\SportStore.csproj", "{DCDF44C2-6360-464C-8D52-7E85C483FF87}"
EndProject
Global
	GlobalSection(SolutionConfigurationPlatforms) = preSolution
		Debug|Any CPU = Debug|Any CPU
		Release|Any CPU = Release|Any CPU
	EndGlobalSection
	GlobalSection(ProjectConfigurationPlatforms) = postSolution
		{F6B5DBEA-2DFF-4CDF-997E-3526D8B6F4A5}.Debug|Any CPU.ActiveCfg = Debug|Any CPU
		{F6B5DBEA-2DFF-4CDF-997E-3526D8B6F4A5}.Debug|Any CPU.Build.0 = Debug|Any CPU
		{F6B5DBEA-2DFF-4CDF-997E-3526D8B6F4A5}.Release|Any CPU.ActiveCfg = Release|Any CPU
		{F6B5DBEA-2DFF-4CDF-997E-3526D8B6F4A5}.Release|Any CPU.Build.0 = Release|Any CPU
		{DCDF44C2-6360-464C-8D52-7E85C483FF87}.Debug|Any CPU.ActiveCfg = Debug|Any CPU
		{DCDF44C2-6360-464C-8D52-7E85C483FF87}.Debug|Any CPU.Build.0 = Debug|Any CPU
		{DCDF44C2-6360-464C-8D52-7E85C483FF87}.Release|Any CPU.ActiveCfg = Release|Any CPU
		{DCDF44C2-6360-464C-8D52-7E85C483FF87}.Release|Any CPU.Build.0 = Release|Any CPU
	EndGlobalSection
	GlobalSection(SolutionProperties) = preSolution
		HideSolutionNode = FALSE
	EndGlobalSection
	GlobalSection(ExtensibilityGlobals) = postSolution
		SolutionGuid = {BFFF65AB-B327-4A4D-A315-2F61196F4D39}
	EndGlobalSection
EndGlobal
